# THIS IS AN AUTOGENERATED FILE. DO NOT EDIT THIS FILE DIRECTLY.
# yarn lockfile v1


vuelidate@^0.7.7:
  version "0.7.7"
  resolved "https://registry.npmmirror.com/vuelidate/-/vuelidate-0.7.7.tgz#5df3930a63ddecf56fde7bdacea9dbaf0c9bf899"
  integrity sha512-pT/U2lDI67wkIqI4tum7cMSIfGcAMfB+Phtqh2ttdXURwvHRBJEAQ0tVbUsW9Upg83Q5QH59bnCoXI7A9JDGnA==
